{
  "name": "smoke-test",
  "version": "1.0.0",
  "lockfileVersion": 3,
  "requires": true,
  "packages": {
    "": {
      "name": "smoke-test",
      "version": "1.0.0",
      "license": "ISC",
      "dependencies": {
        "@emanuelepifani/nexo-client": "^0.1.1"
      }
    },
    "node_modules/@emanuelepifani/nexo-client": {
      "version": "0.1.1",
      "resolved": "https://registry.npmjs.org/@emanuelepifani/nexo-client/-/nexo-client-0.1.1.tgz",
      "integrity": "sha512-+hzeUNMH6HXX3NcjA2nsisq1XIg5kjNfLMS1taC1dRrMwkX9IyqUHP7ej3xtL0rIOShHv1fN0OexqAsAXqiFHA==",
      "license": "MIT"
    }
  }
}
